// !$*UTF8*$!
{
	archiveVersion = 1;
	classes = {
	};
	objectVersion = 56;
	objects = {

/* Begin PBXBuildFile section */
		CC5D65102A4B743C00960290 /* UIKitRouterExampleApp.swift in Sources */ = {isa = PBXBuildFile; fileRef = CC5D650F2A4B743C00960290 /* UIKitRouterExampleApp.swift */; };
		CC5D65122A4B743C00960290 /* ContentView.swift in Sources */ = {isa = PBXBuildFile; fileRef = CC5D65112A4B743C00960290 /* ContentView.swift */; };
		CC5D65142A4B743D00960290 /* Assets.xcassets in Resources */ = {isa = PBXBuildFile; fileRef = CC5D65132A4B743D00960290 /* Assets.xcassets */; };
		CC5D65172A4B743D00960290 /* Preview Assets.xcassets in Resources */ = {isa = PBXBuildFile; fileRef = CC5D65162A4B743D00960290 /* Preview Assets.xcassets */; };
		CC5D651F2A4B749800960290 /* Router.swift in Sources */ = {isa = PBXBuildFile; fileRef = CC5D651E2A4B749800960290 /* Router.swift */; };
		CC5D65212A4B74B400960290 /* RouterHost.swift in Sources */ = {isa = PBXBuildFile; fileRef = CC5D65202A4B74B400960290 /* RouterHost.swift */; };
		CC5D65232A4B754B00960290 /* AppRoutes.swift in Sources */ = {isa = PBXBuildFile; fileRef = CC5D65222A4B754B00960290 /* AppRoutes.swift */; };
		CC5D65262A4B757200960290 /* HomeView.swift in Sources */ = {isa = PBXBuildFile; fileRef = CC5D65252A4B757200960290 /* HomeView.swift */; };
		CC5D65282A4B759100960290 /* NextView.swift in Sources */ = {isa = PBXBuildFile; fileRef = CC5D65272A4B759100960290 /* NextView.swift */; };
/* End PBXBuildFile section */

/* Begin PBXFileReference section */
		CC5D650C2A4B743C00960290 /* UIKitRouterExample.app */ = {isa = PBXFileReference; explicitFileType = wrapper.application; includeInIndex = 0; path = UIKitRouterExample.app; sourceTree = BUILT_PRODUCTS_DIR; };
		CC5D650F2A4B743C00960290 /* UIKitRouterExampleApp.swift */ = {isa = PBXFileReference; lastKnownFileType = sourcecode.swift; path = UIKitRouterExampleApp.swift; sourceTree = "<group>"; };
		CC5D65112A4B743C00960290 /* ContentView.swift */ = {isa = PBXFileReference; lastKnownFileType = sourcecode.swift; path = ContentView.swift; sourceTree = "<group>"; };
		CC5D65132A4B743D00960290 /* Assets.xcassets */ = {isa = PBXFileReference; lastKnownFileType = folder.assetcatalog; path = Assets.xcassets; sourceTree = "<group>"; };
		CC5D65162A4B743D00960290 /* Preview Assets.xcassets */ = {isa = PBXFileReference; lastKnownFileType = folder.assetcatalog; path = "Preview Assets.xcassets"; sourceTree = "<group>"; };
		CC5D651E2A4B749800960290 /* Router.swift */ = {isa = PBXFileReference; lastKnownFileType = sourcecode.swift; path = Router.swift; sourceTree = "<group>"; };
		CC5D65202A4B74B400960290 /* RouterHost.swift */ = {isa = PBXFileReference; lastKnownFileType = sourcecode.swift; path = RouterHost.swift; sourceTree = "<group>"; };
		CC5D65222A4B754B00960290 /* AppRoutes.swift */ = {isa = PBXFileReference; lastKnownFileType = sourcecode.swift; path = AppRoutes.swift; sourceTree = "<group>"; };
		CC5D65252A4B757200960290 /* HomeView.swift */ = {isa = PBXFileReference; lastKnownFileType = sourcecode.swift; path = HomeView.swift; sourceTree = "<group>"; };
		CC5D65272A4B759100960290 /* NextView.swift */ = {isa = PBXFileReference; lastKnownFileType = sourcecode.swift; path = NextView.swift; sourceTree = "<group>"; };
/* End PBXFileReference section */

/* Begin PBXFrameworksBuildPhase section */
		CC5D65092A4B743C00960290 /* Frameworks */ = {
			isa = PBXFrameworksBuildPhase;
			buildActionMask = 2147483647;
			files = (
			);
			runOnlyForDeploymentPostprocessing = 0;
		};
/* End PBXFrameworksBuildPhase section */

/* Begin PBXGroup section */
		CC5D65032A4B743C00960290 = {
			isa = PBXGroup;
			children = (
				CC5D650E2A4B743C00960290 /* UIKitRouterExample */,
				CC5D650D2A4B743C00960290 /* Products */,
			);
			sourceTree = "<group>";
		};
		CC5D650D2A4B743C00960290 /* Products */ = {
			isa = PBXGroup;
			children = (
				CC5D650C2A4B743C00960290 /* UIKitRouterExample.app */,
			);
			name = Products;
			sourceTree = "<group>";
		};
		CC5D650E2A4B743C00960290 /* UIKitRouterExample */ = {
			isa = PBXGroup;
			children = (
				CC5D65242A4B756600960290 /* Views */,
				CC5D651D2A4B748100960290 /* Router */,
				CC5D650F2A4B743C00960290 /* UIKitRouterExampleApp.swift */,
				CC5D65112A4B743C00960290 /* ContentView.swift */,
				CC5D65132A4B743D00960290 /* Assets.xcassets */,
				CC5D65152A4B743D00960290 /* Preview Content */,
			);
			path = UIKitRouterExample;
			sourceTree = "<group>";
		};
		CC5D65152A4B743D00960290 /* Preview Content */ = {
			isa = PBXGroup;
			children = (
				CC5D65162A4B743D00960290 /* Preview Assets.xcassets */,
			);
			path = "Preview Content";
			sourceTree = "<group>";
		};
		CC5D651D2A4B748100960290 /* Router */ = {
			isa = PBXGroup;
			children = (
				CC5D651E2A4B749800960290 /* Router.swift */,
				CC5D65202A4B74B400960290 /* RouterHost.swift */,
				CC5D65222A4B754B00960290 /* AppRoutes.swift */,
			);
			path = Router;
			sourceTree = "<group>";
		};
		CC5D65242A4B756600960290 /* Views */ = {
			isa = PBXGroup;
			children = (
				CC5D65252A4B757200960290 /* HomeView.swift */,
				CC5D65272A4B759100960290 /* NextView.swift */,
			);
			path = Views;
			sourceTree = "<group>";
		};
/* End PBXGroup section */

/* Begin PBXNativeTarget section */
		CC5D650B2A4B743C00960290 /* UIKitRouterExample */ = {
			isa = PBXNativeTarget;
			buildConfigurationList = CC5D651A2A4B743D00960290 /* Build configuration list for PBXNativeTarget "UIKitRouterExample" */;
			buildPhases = (
				CC5D65082A4B743C00960290 /* Sources */,
				CC5D65092A4B743C00960290 /* Frameworks */,
				CC5D650A2A4B743C00960290 /* Resources */,
			);
			buildRules = (
			);
			dependencies = (
			);
			name = UIKitRouterExample;
			productName = UIKitRouterExample;
			productReference = CC5D650C2A4B743C00960290 /* UIKitRouterExample.app */;
			productType = "com.apple.product-type.application";
		};
/* End PBXNativeTarget section */

/* Begin PBXProject section */
		CC5D65042A4B743C00960290 /* Project object */ = {
			isa = PBXProject;
			attributes = {
				BuildIndependentTargetsInParallel = 1;
				LastSwiftUpdateCheck = 1420;
				LastUpgradeCheck = 1420;
				TargetAttributes = {
					CC5D650B2A4B743C00960290 = {
						CreatedOnToolsVersion = 14.2;
					};
				};
			};
			buildConfigurationList = CC5D65072A4B743C00960290 /* Build configuration list for PBXProject "UIKitRouterExample" */;
			compatibilityVersion = "Xcode 14.0";
			developmentRegion = en;
			hasScannedForEncodings = 0;
			knownRegions = (
				en,
				Base,
			);
			mainGroup = CC5D65032A4B743C00960290;
			productRefGroup = CC5D650D2A4B743C00960290 /* Products */;
			projectDirPath = "";
			projectRoot = "";
			targets = (
				CC5D650B2A4B743C00960290 /* UIKitRouterExample */,
			);
		};
/* End PBXProject section */

/* Begin PBXResourcesBuildPhase section */
		CC5D650A2A4B743C00960290 /* Resources */ = {
			isa = PBXResourcesBuildPhase;
			buildActionMask = 2147483647;
			files = (
				CC5D65172A4B743D00960290 /* Preview Assets.xcassets in Resources */,
				CC5D65142A4B743D00960290 /* Assets.xcassets in Resources */,
			);
			runOnlyForDeploymentPostprocessing = 0;
		};
/* End PBXResourcesBuildPhase section */

/* Begin PBXSourcesBuildPhase section */
		CC5D65082A4B743C00960290 /* Sources */ = {
			isa = PBXSourcesBuildPhase;
			buildActionMask = 2147483647;
			files = (
				CC5D65282A4B759100960290 /* NextView.swift in Sources */,
				CC5D65122A4B743C00960290 /* ContentView.swift in Sources */,
				CC5D651F2A4B749800960290 /* Router.swift in Sources */,
				CC5D65212A4B74B400960290 /* RouterHost.swift in Sources */,
				CC5D65262A4B757200960290 /* HomeView.swift in Sources */,
				CC5D65232A4B754B00960290 /* AppRoutes.swift in Sources */,
				CC5D65102A4B743C00960290 /* UIKitRouterExampleApp.swift in Sources */,
			);
			runOnlyForDeploymentPostprocessing = 0;
		};
/* End PBXSourcesBuildPhase section */

/* Begin XCBuildConfiguration section */
		CC5D65182A4B743D00960290 /* Debug */ = {
			isa = XCBuildConfiguration;
			buildSettings = {
				ALWAYS_SEARCH_USER_PATHS = NO;
				CLANG_ANALYZER_NONNULL = YES;
				CLANG_ANALYZER_NUMBER_OBJECT_CONVERSION = YES_AGGRESSIVE;
				CLANG_CXX_LANGUAGE_STANDARD = "gnu++20";
				CLANG_ENABLE_MODULES = YES;
				CLANG_ENABLE_OBJC_ARC = YES;
				CLANG_ENABLE_OBJC_WEAK = YES;
				CLANG_WARN_BLOCK_CAPTURE_AUTORELEASING = YES;
				CLANG_WARN_BOOL_CONVERSION = YES;
				CLANG_WARN_COMMA = YES;
				CLANG_WARN_CONSTANT_CONVERSION = YES;
				CLANG_WARN_DEPRECATED_OBJC_IMPLEMENTATIONS = YES;
				CLANG_WARN_DIRECT_OBJC_ISA_USAGE = YES_ERROR;
				CLANG_WARN_DOCUMENTATION_COMMENTS = YES;
				CLANG_WARN_EMPTY_BODY = YES;
				CLANG_WARN_ENUM_CONVERSION = YES;
				CLANG_WARN_INFINITE_RECURSION = YES;
				CLANG_WARN_INT_CONVERSION = YES;
				CLANG_WARN_NON_LITERAL_NULL_CONVERSION = YES;
				CLANG_WARN_OBJC_IMPLICIT_RETAIN_SELF = YES;
				CLANG_WARN_OBJC_LITERAL_CONVERSION = YES;
				CLANG_WARN_OBJC_ROOT_CLASS = YES_ERROR;
				CLANG_WARN_QUOTED_INCLUDE_IN_FRAMEWORK_HEADER = YES;
				CLANG_WARN_RANGE_LOOP_ANALYSIS = YES;
				CLANG_WARN_STRICT_PROTOTYPES = YES;
				CLANG_WARN_SUSPICIOUS_MOVE = YES;
				CLANG_WARN_UNGUARDED_AVAILABILITY = YES_AGGRESSIVE;
				CLANG_WARN_UNREACHABLE_CODE = YES;
				CLANG_WARN__DUPLICATE_METHOD_MATCH = YES;
				COPY_PHASE_STRIP = NO;
				DEBUG_INFORMATION_FORMAT = dwarf;
				ENABLE_STRICT_OBJC_MSGSEND = YES;
				ENABLE_TESTABILITY = YES;
				GCC_C_LANGUAGE_STANDARD = gnu11;
				GCC_DYNAMIC_NO_PIC = NO;
				GCC_NO_COMMON_BLOCKS = YES;
				GCC_OPTIMIZATION_LEVEL = 0;
				GCC_PREPROCESSOR_DEFINITIONS = (
					"DEBUG=1",
					"$(inherited)",
				);
				GCC_WARN_64_TO_32_BIT_CONVERSION = YES;
				GCC_WARN_ABOUT_RETURN_TYPE = YES_ERROR;
				GCC_WARN_UNDECLARED_SELECTOR = YES;
				GCC_WARN_UNINITIALIZED_AUTOS = YES_AGGRESSIVE;
				GCC_WARN_UNUSED_FUNCTION = YES;
				GCC_WARN_UNUSED_VARIABLE = YES;
				IPHONEOS_DEPLOYMENT_TARGET = 16.2;
				MTL_ENABLE_DEBUG_INFO = INCLUDE_SOURCE;
				MTL_FAST_MATH = YES;
				ONLY_ACTIVE_ARCH = YES;
				SDKROOT = iphoneos;
				SWIFT_ACTIVE_COMPILATION_CONDITIONS = DEBUG;
				SWIFT_OPTIMIZATION_LEVEL = "-Onone";
			};
			name = Debug;
		};
		CC5D65192A4B743D00960290 /* Release */ = {
			isa = XCBuildConfiguration;
			buildSettings = {
				ALWAYS_SEARCH_USER_PATHS = NO;
				CLANG_ANALYZER_NONNULL = YES;
				CLANG_ANALYZER_NUMBER_OBJECT_CONVERSION = YES_AGGRESSIVE;
				CLANG_CXX_LANGUAGE_STANDARD = "gnu++20";
				CLANG_ENABLE_MODULES = YES;
				CLANG_ENABLE_OBJC_ARC = YES;
				CLANG_ENABLE_OBJC_WEAK = YES;
				CLANG_WARN_BLOCK_CAPTURE_AUTORELEASING = YES;
				CLANG_WARN_BOOL_CONVERSION = YES;
				CLANG_WARN_COMMA = YES;
				CLANG_WARN_CONSTANT_CONVERSION = YES;
				CLANG_WARN_DEPRECATED_OBJC_IMPLEMENTATIONS = YES;
				CLANG_WARN_DIRECT_OBJC_ISA_USAGE = YES_ERROR;
				CLANG_WARN_DOCUMENTATION_COMMENTS = YES;
				CLANG_WARN_EMPTY_BODY = YES;
				CLANG_WARN_ENUM_CONVERSION = YES;
				CLANG_WARN_INFINITE_RECURSION = YES;
				CLANG_WARN_INT_CONVERSION = YES;
				CLANG_WARN_NON_LITERAL_NULL_CONVERSION = YES;
				CLANG_WARN_OBJC_IMPLICIT_RETAIN_SELF = YES;
				CLANG_WARN_OBJC_LITERAL_CONVERSION = YES;
				CLANG_WARN_OBJC_ROOT_CLASS = YES_ERROR;
				CLANG_WARN_QUOTED_INCLUDE_IN_FRAMEWORK_HEADER = YES;
				CLANG_WARN_RANGE_LOOP_ANALYSIS = YES;
				CLANG_WARN_STRICT_PROTOTYPES = YES;
				CLANG_WARN_SUSPICIOUS_MOVE = YES;
				CLANG_WARN_UNGUARDED_AVAILABILITY = YES_AGGRESSIVE;
				CLANG_WARN_UNREACHABLE_CODE = YES;
				CLANG_WARN__DUPLICATE_METHOD_MATCH = YES;
				COPY_PHASE_STRIP = NO;
				DEBUG_INFORMATION_FORMAT = "dwarf-with-dsym";
				ENABLE_NS_ASSERTIONS = NO;
				ENABLE_STRICT_OBJC_MSGSEND = YES;
				GCC_C_LANGUAGE_STANDARD = gnu11;
				GCC_NO_COMMON_BLOCKS = YES;
				GCC_WARN_64_TO_32_BIT_CONVERSION = YES;
				GCC_WARN_ABOUT_RETURN_TYPE = YES_ERROR;
				GCC_WARN_UNDECLARED_SELECTOR = YES;
				GCC_WARN_UNINITIALIZED_AUTOS = YES_AGGRESSIVE;
				GCC_WARN_UNUSED_FUNCTION = YES;
				GCC_WARN_UNUSED_VARIABLE = YES;
				IPHONEOS_DEPLOYMENT_TARGET = 16.2;
				MTL_ENABLE_DEBUG_INFO = NO;
				MTL_FAST_MATH = YES;
				SDKROOT = iphoneos;
				SWIFT_COMPILATION_MODE = wholemodule;
				SWIFT_OPTIMIZATION_LEVEL = "-O";
				VALIDATE_PRODUCT = YES;
			};
			name = Release;
		};
		CC5D651B2A4B743D00960290 /* Debug */ = {
			isa = XCBuildConfiguration;
			buildSettings = {
				ASSETCATALOG_COMPILER_APPICON_NAME = AppIcon;
				ASSETCATALOG_COMPILER_GLOBAL_ACCENT_COLOR_NAME = AccentColor;
				CODE_SIGN_STYLE = Automatic;
				CURRENT_PROJECT_VERSION = 1;
				DEVELOPMENT_ASSET_PATHS = "\"UIKitRouterExample/Preview Content\"";
				ENABLE_PREVIEWS = YES;
				GENERATE_INFOPLIST_FILE = YES;
				INFOPLIST_KEY_UIApplicationSceneManifest_Generation = YES;
				INFOPLIST_KEY_UIApplicationSupportsIndirectInputEvents = YES;
				INFOPLIST_KEY_UILaunchScreen_Generation = YES;
				INFOPLIST_KEY_UISupportedInterfaceOrientations_iPad = "UIInterfaceOrientationPortrait UIInterfaceOrientationPortraitUpsideDown UIInterfaceOrientationLandscapeLeft UIInterfaceOrientationLandscapeRight";
				INFOPLIST_KEY_UISupportedInterfaceOrientations_iPhone = "UIInterfaceOrientationPortrait UIInterfaceOrientationLandscapeLeft UIInterfaceOrientationLandscapeRight";
				LD_RUNPATH_SEARCH_PATHS = (
					"$(inherited)",
					"@executable_path/Frameworks",
				);
				MARKETING_VERSION = 1.0;
				PRODUCT_BUNDLE_IDENTIFIER = com.examples.UIKitRouterExample;
				PRODUCT_NAME = "$(TARGET_NAME)";
				SWIFT_EMIT_LOC_STRINGS = YES;
				SWIFT_VERSION = 5.0;
				TARGETED_DEVICE_FAMILY = "1,2";
			};
			name = Debug;
		};
		CC5D651C2A4B743D00960290 /* Release */ = {
			isa = XCBuildConfiguration;
			buildSettings = {
				ASSETCATALOG_COMPILER_APPICON_NAME = AppIcon;
				ASSETCATALOG_COMPILER_GLOBAL_ACCENT_COLOR_NAME = AccentColor;
				CODE_SIGN_STYLE = Automatic;
				CURRENT_PROJECT_VERSION = 1;
				DEVELOPMENT_ASSET_PATHS = "\"UIKitRouterExample/Preview Content\"";
				ENABLE_PREVIEWS = YES;
				GENERATE_INFOPLIST_FILE = YES;
				INFOPLIST_KEY_UIApplicationSceneManifest_Generation = YES;
				INFOPLIST_KEY_UIApplicationSupportsIndirectInputEvents = YES;
				INFOPLIST_KEY_UILaunchScreen_Generation = YES;
				INFOPLIST_KEY_UISupportedInterfaceOrientations_iPad = "UIInterfaceOrientationPortrait UIInterfaceOrientationPortraitUpsideDown UIInterfaceOrientationLandscapeLeft UIInterfaceOrientationLandscapeRight";
				INFOPLIST_KEY_UISupportedInterfaceOrientations_iPhone = "UIInterfaceOrientationPortrait UIInterfaceOrientationLandscapeLeft UIInterfaceOrientationLandscapeRight";
				LD_RUNPATH_SEARCH_PATHS = (
					"$(inherited)",
					"@executable_path/Frameworks",
				);
				MARKETING_VERSION = 1.0;
				PRODUCT_BUNDLE_IDENTIFIER = com.examples.UIKitRouterExample;
				PRODUCT_NAME = "$(TARGET_NAME)";
				SWIFT_EMIT_LOC_STRINGS = YES;
				SWIFT_VERSION = 5.0;
				TARGETED_DEVICE_FAMILY = "1,2";
			};
			name = Release;
		};
/* End XCBuildConfiguration section */

/* Begin XCConfigurationList section */
		CC5D65072A4B743C00960290 /* Build configuration list for PBXProject "UIKitRouterExample" */ = {
			isa = XCConfigurationList;
			buildConfigurations = (
				CC5D65182A4B743D00960290 /* Debug */,
				CC5D65192A4B743D00960290 /* Release */,
			);
			defaultConfigurationIsVisible = 0;
			defaultConfigurationName = Release;
		};
		CC5D651A2A4B743D00960290 /* Build configuration list for PBXNativeTarget "UIKitRouterExample" */ = {
			isa = XCConfigurationList;
			buildConfigurations = (
				CC5D651B2A4B743D00960290 /* Debug */,
				CC5D651C2A4B743D00960290 /* Release */,
			);
			defaultConfigurationIsVisible = 0;
			defaultConfigurationName = Release;
		};
/* End XCConfigurationList section */
	};
	rootObject = CC5D65042A4B743C00960290 /* Project object */;
}
